
Microsoft Visual Studio Solution File, Format Version 12.00
# Visual Studio Version 16
VisualStudioVersion = 16.0.30503.244
MinimumVisualStudioVersion = 15.0.26124.0
Project("{9A19103F-16F7-4668-BE54-9A1E7A4F7556}") = "amazon_scraper", "amazon_scraper\amazon_scraper.csproj", "{A4BFB579-09AE-4494-A783-A4B7F926893F}"
EndProject
Global
	GlobalSection(SolutionConfigurationPlatforms) = preSolution
		Debug|Any CPU = Debug|Any CPU
		Debug|x64 = Debug|x64
		Debug|x86 = Debug|x86
		Release|Any CPU = Release|Any CPU
		Release|x64 = Release|x64
		Release|x86 = Release|x86
	EndGlobalSection
	GlobalSection(ProjectConfigurationPlatforms) = postSolution
		{A4BFB579-09AE-4494-A783-A4B7F926893F}.Debug|Any CPU.ActiveCfg = Debug|Any CPU
		{A4BFB579-09AE-4494-A783-A4B7F926893F}.Debug|Any CPU.Build.0 = Debug|Any CPU
		{A4BFB579-09AE-4494-A783-A4B7F926893F}.Debug|x64.ActiveCfg = Debug|Any CPU
		{A4BFB579-09AE-4494-A783-A4B7F926893F}.Debug|x64.Build.0 = Debug|Any CPU
		{A4BFB579-09AE-4494-A783-A4B7F926893F}.Debug|x86.ActiveCfg = Debug|Any CPU
		{A4BFB579-09AE-4494-A783-A4B7F926893F}.Debug|x86.Build.0 = Debug|Any CPU
		{A4BFB579-09AE-4494-A783-A4B7F926893F}.Release|Any CPU.ActiveCfg = Release|Any CPU
		{A4BFB579-09AE-4494-A783-A4B7F926893F}.Release|Any CPU.Build.0 = Release|Any CPU
		{A4BFB579-09AE-4494-A783-A4B7F926893F}.Release|x64.ActiveCfg = Release|Any CPU
		{A4BFB579-09AE-4494-A783-A4B7F926893F}.Release|x64.Build.0 = Release|Any CPU
		{A4BFB579-09AE-4494-A783-A4B7F926893F}.Release|x86.ActiveCfg = Release|Any CPU
		{A4BFB579-09AE-4494-A783-A4B7F926893F}.Release|x86.Build.0 = Release|Any CPU
	EndGlobalSection
	GlobalSection(SolutionProperties) = preSolution
		HideSolutionNode = FALSE
	EndGlobalSection
	GlobalSection(ExtensibilityGlobals) = postSolution
		SolutionGuid = {10C81E85-9DA8-4D1C-A0F0-E7854D2A5AD5}
	EndGlobalSection
EndGlobal
